// !$*UTF8*$!
{
	archiveVersion = 1;
	classes = {
	};
	objectVersion = 55;
	objects = {

/* Begin PBXBuildFile section */
		3557F6F9299A4F800079F1A5 /* main.swift in Sources */ = {isa = PBXBuildFile; fileRef = 3557F6F8299A4F800079F1A5 /* main.swift */; };
		3557F700299A54BC0079F1A5 /* Aufgabe02.swift in Sources */ = {isa = PBXBuildFile; fileRef = 3557F6FF299A54BC0079F1A5 /* Aufgabe02.swift */; };
		3557F702299A65D80079F1A5 /* Aufgabe00.swift in Sources */ = {isa = PBXBuildFile; fileRef = 3557F701299A65D80079F1A5 /* Aufgabe00.swift */; };
		3557F704299A6DD30079F1A5 /* Aufgabe01.swift in Sources */ = {isa = PBXBuildFile; fileRef = 3557F703299A6DD20079F1A5 /* Aufgabe01.swift */; };
		3557F706299A70440079F1A5 /* Aufgabe03-Double.swift in Sources */ = {isa = PBXBuildFile; fileRef = 3557F705299A70440079F1A5 /* Aufgabe03-Double.swift */; };
		3557F708299A72AB0079F1A5 /* Aufgabe03-Strings.swift in Sources */ = {isa = PBXBuildFile; fileRef = 3557F707299A72AB0079F1A5 /* Aufgabe03-Strings.swift */; };
		3557F70A299A7A6F0079F1A5 /* Aufgabe04-Char.swift in Sources */ = {isa = PBXBuildFile; fileRef = 3557F709299A7A6F0079F1A5 /* Aufgabe04-Char.swift */; };
		3557F70C299A7BCE0079F1A5 /* Aufgabe05Char-String.swift in Sources */ = {isa = PBXBuildFile; fileRef = 3557F70B299A7BCE0079F1A5 /* Aufgabe05Char-String.swift */; };
		3557F70E299A7EDF0079F1A5 /* Aufgabe06Bool.swift in Sources */ = {isa = PBXBuildFile; fileRef = 3557F70D299A7EDF0079F1A5 /* Aufgabe06Bool.swift */; };
/* End PBXBuildFile section */

/* Begin PBXCopyFilesBuildPhase section */
		3557F6F3299A4F800079F1A5 /* CopyFiles */ = {
			isa = PBXCopyFilesBuildPhase;
			buildActionMask = 2147483647;
			dstPath = /usr/share/man/man1/;
			dstSubfolderSpec = 0;
			files = (
			);
			runOnlyForDeploymentPostprocessing = 1;
		};
/* End PBXCopyFilesBuildPhase section */

/* Begin PBXFileReference section */
		3557F6F5299A4F800079F1A5 /* SwiftAufgabenTag02 */ = {isa = PBXFileReference; explicitFileType = "compiled.mach-o.executable"; includeInIndex = 0; path = SwiftAufgabenTag02; sourceTree = BUILT_PRODUCTS_DIR; };
		3557F6F8299A4F800079F1A5 /* main.swift */ = {isa = PBXFileReference; lastKnownFileType = sourcecode.swift; path = main.swift; sourceTree = "<group>"; };
		3557F6FF299A54BC0079F1A5 /* Aufgabe02.swift */ = {isa = PBXFileReference; lastKnownFileType = sourcecode.swift; path = Aufgabe02.swift; sourceTree = "<group>"; };
		3557F701299A65D80079F1A5 /* Aufgabe00.swift */ = {isa = PBXFileReference; lastKnownFileType = sourcecode.swift; path = Aufgabe00.swift; sourceTree = "<group>"; };
		3557F703299A6DD20079F1A5 /* Aufgabe01.swift */ = {isa = PBXFileReference; lastKnownFileType = sourcecode.swift; path = Aufgabe01.swift; sourceTree = "<group>"; };
		3557F705299A70440079F1A5 /* Aufgabe03-Double.swift */ = {isa = PBXFileReference; lastKnownFileType = sourcecode.swift; path = "Aufgabe03-Double.swift"; sourceTree = "<group>"; };
		3557F707299A72AB0079F1A5 /* Aufgabe03-Strings.swift */ = {isa = PBXFileReference; lastKnownFileType = sourcecode.swift; path = "Aufgabe03-Strings.swift"; sourceTree = "<group>"; };
		3557F709299A7A6F0079F1A5 /* Aufgabe04-Char.swift */ = {isa = PBXFileReference; lastKnownFileType = sourcecode.swift; path = "Aufgabe04-Char.swift"; sourceTree = "<group>"; };
		3557F70B299A7BCE0079F1A5 /* Aufgabe05Char-String.swift */ = {isa = PBXFileReference; lastKnownFileType = sourcecode.swift; path = "Aufgabe05Char-String.swift"; sourceTree = "<group>"; };
		3557F70D299A7EDF0079F1A5 /* Aufgabe06Bool.swift */ = {isa = PBXFileReference; lastKnownFileType = sourcecode.swift; path = Aufgabe06Bool.swift; sourceTree = "<group>"; };
/* End PBXFileReference section */

/* Begin PBXFrameworksBuildPhase section */
		3557F6F2299A4F800079F1A5 /* Frameworks */ = {
			isa = PBXFrameworksBuildPhase;
			buildActionMask = 2147483647;
			files = (
			);
			runOnlyForDeploymentPostprocessing = 0;
		};
/* End PBXFrameworksBuildPhase section */

/* Begin PBXGroup section */
		3557F6EC299A4F800079F1A5 = {
			isa = PBXGroup;
			children = (
				3557F6F7299A4F800079F1A5 /* SwiftAufgabenTag02 */,
				3557F6F6299A4F800079F1A5 /* Products */,
			);
			sourceTree = "<group>";
		};
		3557F6F6299A4F800079F1A5 /* Products */ = {
			isa = PBXGroup;
			children = (
				3557F6F5299A4F800079F1A5 /* SwiftAufgabenTag02 */,
			);
			name = Products;
			sourceTree = "<group>";
		};
		3557F6F7299A4F800079F1A5 /* SwiftAufgabenTag02 */ = {
			isa = PBXGroup;
			children = (
				3557F6F8299A4F800079F1A5 /* main.swift */,
				3557F701299A65D80079F1A5 /* Aufgabe00.swift */,
				3557F703299A6DD20079F1A5 /* Aufgabe01.swift */,
				3557F6FF299A54BC0079F1A5 /* Aufgabe02.swift */,
				3557F705299A70440079F1A5 /* Aufgabe03-Double.swift */,
				3557F707299A72AB0079F1A5 /* Aufgabe03-Strings.swift */,
				3557F709299A7A6F0079F1A5 /* Aufgabe04-Char.swift */,
				3557F70B299A7BCE0079F1A5 /* Aufgabe05Char-String.swift */,
				3557F70D299A7EDF0079F1A5 /* Aufgabe06Bool.swift */,
			);
			path = SwiftAufgabenTag02;
			sourceTree = "<group>";
		};
/* End PBXGroup section */

/* Begin PBXNativeTarget section */
		3557F6F4299A4F800079F1A5 /* SwiftAufgabenTag02 */ = {
			isa = PBXNativeTarget;
			buildConfigurationList = 3557F6FC299A4F800079F1A5 /* Build configuration list for PBXNativeTarget "SwiftAufgabenTag02" */;
			buildPhases = (
				3557F6F1299A4F800079F1A5 /* Sources */,
				3557F6F2299A4F800079F1A5 /* Frameworks */,
				3557F6F3299A4F800079F1A5 /* CopyFiles */,
			);
			buildRules = (
			);
			dependencies = (
			);
			name = SwiftAufgabenTag02;
			productName = SwiftAufgabenTag02;
			productReference = 3557F6F5299A4F800079F1A5 /* SwiftAufgabenTag02 */;
			productType = "com.apple.product-type.tool";
		};
/* End PBXNativeTarget section */

/* Begin PBXProject section */
		3557F6ED299A4F800079F1A5 /* Project object */ = {
			isa = PBXProject;
			attributes = {
				BuildIndependentTargetsInParallel = 1;
				LastSwiftUpdateCheck = 1320;
				LastUpgradeCheck = 1320;
				TargetAttributes = {
					3557F6F4299A4F800079F1A5 = {
						CreatedOnToolsVersion = 13.2.1;
					};
				};
			};
			buildConfigurationList = 3557F6F0299A4F800079F1A5 /* Build configuration list for PBXProject "SwiftAufgabenTag02" */;
			compatibilityVersion = "Xcode 13.0";
			developmentRegion = en;
			hasScannedForEncodings = 0;
			knownRegions = (
				en,
				Base,
			);
			mainGroup = 3557F6EC299A4F800079F1A5;
			productRefGroup = 3557F6F6299A4F800079F1A5 /* Products */;
			projectDirPath = "";
			projectRoot = "";
			targets = (
				3557F6F4299A4F800079F1A5 /* SwiftAufgabenTag02 */,
			);
		};
/* End PBXProject section */

/* Begin PBXSourcesBuildPhase section */
		3557F6F1299A4F800079F1A5 /* Sources */ = {
			isa = PBXSourcesBuildPhase;
			buildActionMask = 2147483647;
			files = (
				3557F70A299A7A6F0079F1A5 /* Aufgabe04-Char.swift in Sources */,
				3557F706299A70440079F1A5 /* Aufgabe03-Double.swift in Sources */,
				3557F70E299A7EDF0079F1A5 /* Aufgabe06Bool.swift in Sources */,
				3557F702299A65D80079F1A5 /* Aufgabe00.swift in Sources */,
				3557F6F9299A4F800079F1A5 /* main.swift in Sources */,
				3557F704299A6DD30079F1A5 /* Aufgabe01.swift in Sources */,
				3557F700299A54BC0079F1A5 /* Aufgabe02.swift in Sources */,
				3557F708299A72AB0079F1A5 /* Aufgabe03-Strings.swift in Sources */,
				3557F70C299A7BCE0079F1A5 /* Aufgabe05Char-String.swift in Sources */,
			);
			runOnlyForDeploymentPostprocessing = 0;
		};
/* End PBXSourcesBuildPhase section */

/* Begin XCBuildConfiguration section */
		3557F6FA299A4F800079F1A5 /* Debug */ = {
			isa = XCBuildConfiguration;
			buildSettings = {
				ALWAYS_SEARCH_USER_PATHS = NO;
				CLANG_ANALYZER_NONNULL = YES;
				CLANG_ANALYZER_NUMBER_OBJECT_CONVERSION = YES_AGGRESSIVE;
				CLANG_CXX_LANGUAGE_STANDARD = "gnu++17";
				CLANG_CXX_LIBRARY = "libc++";
				CLANG_ENABLE_MODULES = YES;
				CLANG_ENABLE_OBJC_ARC = YES;
				CLANG_ENABLE_OBJC_WEAK = YES;
				CLANG_WARN_BLOCK_CAPTURE_AUTORELEASING = YES;
				CLANG_WARN_BOOL_CONVERSION = YES;
				CLANG_WARN_COMMA = YES;
				CLANG_WARN_CONSTANT_CONVERSION = YES;
				CLANG_WARN_DEPRECATED_OBJC_IMPLEMENTATIONS = YES;
				CLANG_WARN_DIRECT_OBJC_ISA_USAGE = YES_ERROR;
				CLANG_WARN_DOCUMENTATION_COMMENTS = YES;
				CLANG_WARN_EMPTY_BODY = YES;
				CLANG_WARN_ENUM_CONVERSION = YES;
				CLANG_WARN_INFINITE_RECURSION = YES;
				CLANG_WARN_INT_CONVERSION = YES;
				CLANG_WARN_NON_LITERAL_NULL_CONVERSION = YES;
				CLANG_WARN_OBJC_IMPLICIT_RETAIN_SELF = YES;
				CLANG_WARN_OBJC_LITERAL_CONVERSION = YES;
				CLANG_WARN_OBJC_ROOT_CLASS = YES_ERROR;
				CLANG_WARN_QUOTED_INCLUDE_IN_FRAMEWORK_HEADER = YES;
				CLANG_WARN_RANGE_LOOP_ANALYSIS = YES;
				CLANG_WARN_STRICT_PROTOTYPES = YES;
				CLANG_WARN_SUSPICIOUS_MOVE = YES;
				CLANG_WARN_UNGUARDED_AVAILABILITY = YES_AGGRESSIVE;
				CLANG_WARN_UNREACHABLE_CODE = YES;
				CLANG_WARN__DUPLICATE_METHOD_MATCH = YES;
				COPY_PHASE_STRIP = NO;
				DEBUG_INFORMATION_FORMAT = dwarf;
				ENABLE_STRICT_OBJC_MSGSEND = YES;
				ENABLE_TESTABILITY = YES;
				GCC_C_LANGUAGE_STANDARD = gnu11;
				GCC_DYNAMIC_NO_PIC = NO;
				GCC_NO_COMMON_BLOCKS = YES;
				GCC_OPTIMIZATION_LEVEL = 0;
				GCC_PREPROCESSOR_DEFINITIONS = (
					"DEBUG=1",
					"$(inherited)",
				);
				GCC_WARN_64_TO_32_BIT_CONVERSION = YES;
				GCC_WARN_ABOUT_RETURN_TYPE = YES_ERROR;
				GCC_WARN_UNDECLARED_SELECTOR = YES;
				GCC_WARN_UNINITIALIZED_AUTOS = YES_AGGRESSIVE;
				GCC_WARN_UNUSED_FUNCTION = YES;
				GCC_WARN_UNUSED_VARIABLE = YES;
				MACOSX_DEPLOYMENT_TARGET = 12.1;
				MTL_ENABLE_DEBUG_INFO = INCLUDE_SOURCE;
				MTL_FAST_MATH = YES;
				ONLY_ACTIVE_ARCH = YES;
				SDKROOT = macosx;
				SWIFT_ACTIVE_COMPILATION_CONDITIONS = DEBUG;
				SWIFT_OPTIMIZATION_LEVEL = "-Onone";
			};
			name = Debug;
		};
		3557F6FB299A4F800079F1A5 /* Release */ = {
			isa = XCBuildConfiguration;
			buildSettings = {
				ALWAYS_SEARCH_USER_PATHS = NO;
				CLANG_ANALYZER_NONNULL = YES;
				CLANG_ANALYZER_NUMBER_OBJECT_CONVERSION = YES_AGGRESSIVE;
				CLANG_CXX_LANGUAGE_STANDARD = "gnu++17";
				CLANG_CXX_LIBRARY = "libc++";
				CLANG_ENABLE_MODULES = YES;
				CLANG_ENABLE_OBJC_ARC = YES;
				CLANG_ENABLE_OBJC_WEAK = YES;
				CLANG_WARN_BLOCK_CAPTURE_AUTORELEASING = YES;
				CLANG_WARN_BOOL_CONVERSION = YES;
				CLANG_WARN_COMMA = YES;
				CLANG_WARN_CONSTANT_CONVERSION = YES;
				CLANG_WARN_DEPRECATED_OBJC_IMPLEMENTATIONS = YES;
				CLANG_WARN_DIRECT_OBJC_ISA_USAGE = YES_ERROR;
				CLANG_WARN_DOCUMENTATION_COMMENTS = YES;
				CLANG_WARN_EMPTY_BODY = YES;
				CLANG_WARN_ENUM_CONVERSION = YES;
				CLANG_WARN_INFINITE_RECURSION = YES;
				CLANG_WARN_INT_CONVERSION = YES;
				CLANG_WARN_NON_LITERAL_NULL_CONVERSION = YES;
				CLANG_WARN_OBJC_IMPLICIT_RETAIN_SELF = YES;
				CLANG_WARN_OBJC_LITERAL_CONVERSION = YES;
				CLANG_WARN_OBJC_ROOT_CLASS = YES_ERROR;
				CLANG_WARN_QUOTED_INCLUDE_IN_FRAMEWORK_HEADER = YES;
				CLANG_WARN_RANGE_LOOP_ANALYSIS = YES;
				CLANG_WARN_STRICT_PROTOTYPES = YES;
				CLANG_WARN_SUSPICIOUS_MOVE = YES;
				CLANG_WARN_UNGUARDED_AVAILABILITY = YES_AGGRESSIVE;
				CLANG_WARN_UNREACHABLE_CODE = YES;
				CLANG_WARN__DUPLICATE_METHOD_MATCH = YES;
				COPY_PHASE_STRIP = NO;
				DEBUG_INFORMATION_FORMAT = "dwarf-with-dsym";
				ENABLE_NS_ASSERTIONS = NO;
				ENABLE_STRICT_OBJC_MSGSEND = YES;
				GCC_C_LANGUAGE_STANDARD = gnu11;
				GCC_NO_COMMON_BLOCKS = YES;
				GCC_WARN_64_TO_32_BIT_CONVERSION = YES;
				GCC_WARN_ABOUT_RETURN_TYPE = YES_ERROR;
				GCC_WARN_UNDECLARED_SELECTOR = YES;
				GCC_WARN_UNINITIALIZED_AUTOS = YES_AGGRESSIVE;
				GCC_WARN_UNUSED_FUNCTION = YES;
				GCC_WARN_UNUSED_VARIABLE = YES;
				MACOSX_DEPLOYMENT_TARGET = 12.1;
				MTL_ENABLE_DEBUG_INFO = NO;
				MTL_FAST_MATH = YES;
				SDKROOT = macosx;
				SWIFT_COMPILATION_MODE = wholemodule;
				SWIFT_OPTIMIZATION_LEVEL = "-O";
			};
			name = Release;
		};
		3557F6FD299A4F800079F1A5 /* Debug */ = {
			isa = XCBuildConfiguration;
			buildSettings = {
				CODE_SIGN_STYLE = Automatic;
				PRODUCT_NAME = "$(TARGET_NAME)";
				SWIFT_VERSION = 5.0;
			};
			name = Debug;
		};
		3557F6FE299A4F800079F1A5 /* Release */ = {
			isa = XCBuildConfiguration;
			buildSettings = {
				CODE_SIGN_STYLE = Automatic;
				PRODUCT_NAME = "$(TARGET_NAME)";
				SWIFT_VERSION = 5.0;
			};
			name = Release;
		};
/* End XCBuildConfiguration section */

/* Begin XCConfigurationList section */
		3557F6F0299A4F800079F1A5 /* Build configuration list for PBXProject "SwiftAufgabenTag02" */ = {
			isa = XCConfigurationList;
			buildConfigurations = (
				3557F6FA299A4F800079F1A5 /* Debug */,
				3557F6FB299A4F800079F1A5 /* Release */,
			);
			defaultConfigurationIsVisible = 0;
			defaultConfigurationName = Release;
		};
		3557F6FC299A4F800079F1A5 /* Build configuration list for PBXNativeTarget "SwiftAufgabenTag02" */ = {
			isa = XCConfigurationList;
			buildConfigurations = (
				3557F6FD299A4F800079F1A5 /* Debug */,
				3557F6FE299A4F800079F1A5 /* Release */,
			);
			defaultConfigurationIsVisible = 0;
			defaultConfigurationName = Release;
		};
/* End XCConfigurationList section */
	};
	rootObject = 3557F6ED299A4F800079F1A5 /* Project object */;
}
